
Microsoft Visual Studio Solution File, Format Version 12.00
# Visual Studio Version 17
VisualStudioVersion = 17.5.33424.131
MinimumVisualStudioVersion = 10.0.40219.1
Project("{FAE04EC0-301F-11D3-BF4B-00C04F79EFBC}") = "FIS", "FIS\FIS.csproj", "{F70D3CA4-4E44-47E9-9870-6262B6ABE660}"
EndProject
Global
	GlobalSection(SolutionConfigurationPlatforms) = preSolution
		Debug|Any CPU = Debug|Any CPU
		Release|Any CPU = Release|Any CPU
	EndGlobalSection
	GlobalSection(ProjectConfigurationPlatforms) = postSolution
		{F70D3CA4-4E44-47E9-9870-6262B6ABE660}.Debug|Any CPU.ActiveCfg = Debug|Any CPU
		{F70D3CA4-4E44-47E9-9870-6262B6ABE660}.Debug|Any CPU.Build.0 = Debug|Any CPU
		{F70D3CA4-4E44-47E9-9870-6262B6ABE660}.Release|Any CPU.ActiveCfg = Release|Any CPU
		{F70D3CA4-4E44-47E9-9870-6262B6ABE660}.Release|Any CPU.Build.0 = Release|Any CPU
	EndGlobalSection
	GlobalSection(SolutionProperties) = preSolution
		HideSolutionNode = FALSE
	EndGlobalSection
	GlobalSection(ExtensibilityGlobals) = postSolution
		SolutionGuid = {823FDFD1-5E87-429F-94EC-04A427818522}
	EndGlobalSection
EndGlobal
